
Microsoft Visual Studio Solution File, Format Version 12.00
# Visual Studio Version 16
VisualStudioVersion = 16.0.29324.140
MinimumVisualStudioVersion = 10.0.40219.1
Project("{00D1A9C2-B5F0-4AF3-8072-F6C62B433612}") = "EphingAutomation.DB", "EphingAutomation.DB\EphingAutomation.DB.sqlproj", "{31C08DCB-AEC5-4B13-8B85-5CDA419C616F}"
EndProject
Project("{9A19103F-16F7-4668-BE54-9A1E7A4F7556}") = "EphingAutomation", "EphingAutomation\EphingAutomation.csproj", "{C78FA4BC-0A86-4210-B536-E3DDC3D7ADDE}"
EndProject
Project("{9A19103F-16F7-4668-BE54-9A1E7A4F7556}") = "EphingAutomation.Models", "EphingAutomation.Models\EphingAutomation.Models.csproj", "{24032A17-7D4D-4383-AA22-358C33BEE73C}"
EndProject
Project("{9A19103F-16F7-4668-BE54-9A1E7A4F7556}") = "EphingAutomation.CM.StatusMessageReceiver", "EphingAutomation.CM.StatusMessageReceiver\EphingAutomation.CM.StatusMessageReceiver.csproj", "{1F658A72-88AC-4511-ABD6-B19444911162}"
EndProject
Project("{9A19103F-16F7-4668-BE54-9A1E7A4F7556}") = "EphingAutomation.Models.ConfigMgr", "EphingAutomation.Models.ConfigMgr\EphingAutomation.Models.ConfigMgr.csproj", "{179A7242-1548-4CD7-8E01-351C4DDABE07}"
EndProject
Project("{9A19103F-16F7-4668-BE54-9A1E7A4F7556}") = "EphingAutomation.CM.StatusMessageProcessorService", "EphingAutomation.CM.StatusMessageProcessorService\EphingAutomation.CM.StatusMessageProcessorService.csproj", "{86B34BA3-48DB-4097-9ECD-CB2927F3B911}"
EndProject
Project("{9A19103F-16F7-4668-BE54-9A1E7A4F7556}") = "EphingAutomation.Logging", "EphingAutomation.Logging\EphingAutomation.Logging.csproj", "{63711CCE-4A7F-4FC0-9019-EF1F769A56EE}"
EndProject
Project("{FAE04EC0-301F-11D3-BF4B-00C04F79EFBC}") = "EphingAutomation.CM.StatusMessageService", "EphingAutomation.CM.StatusMessageService\EphingAutomation.CM.StatusMessageService.csproj", "{73DFDA62-F657-4AC4-A20D-FF4014D65A5D}"
EndProject
Project("{FAE04EC0-301F-11D3-BF4B-00C04F79EFBC}") = "EphingAutomation.CM.StatusMessageProcessor", "EphingAutomation.CM.StatusMessageProcessor\EphingAutomation.CM.StatusMessageProcessor.csproj", "{DADE464A-6F0D-4CE5-9F55-107FB9CA6416}"
EndProject
Project("{FAE04EC0-301F-11D3-BF4B-00C04F79EFBC}") = "EphingAutomation.CM.StatusMessageDB", "EphingAutomation.CM.StatusMessageDB\EphingAutomation.CM.StatusMessageDB.csproj", "{DF24C3B3-D1EE-4A03-8BB0-0349C6DA7488}"
EndProject
Global
	GlobalSection(SolutionConfigurationPlatforms) = preSolution
		Debug|Any CPU = Debug|Any CPU
		Release|Any CPU = Release|Any CPU
	EndGlobalSection
	GlobalSection(ProjectConfigurationPlatforms) = postSolution
		{31C08DCB-AEC5-4B13-8B85-5CDA419C616F}.Debug|Any CPU.ActiveCfg = Debug|Any CPU
		{31C08DCB-AEC5-4B13-8B85-5CDA419C616F}.Debug|Any CPU.Build.0 = Debug|Any CPU
		{31C08DCB-AEC5-4B13-8B85-5CDA419C616F}.Debug|Any CPU.Deploy.0 = Debug|Any CPU
		{31C08DCB-AEC5-4B13-8B85-5CDA419C616F}.Release|Any CPU.ActiveCfg = Release|Any CPU
		{31C08DCB-AEC5-4B13-8B85-5CDA419C616F}.Release|Any CPU.Build.0 = Release|Any CPU
		{31C08DCB-AEC5-4B13-8B85-5CDA419C616F}.Release|Any CPU.Deploy.0 = Release|Any CPU
		{C78FA4BC-0A86-4210-B536-E3DDC3D7ADDE}.Debug|Any CPU.ActiveCfg = Debug|Any CPU
		{C78FA4BC-0A86-4210-B536-E3DDC3D7ADDE}.Debug|Any CPU.Build.0 = Debug|Any CPU
		{C78FA4BC-0A86-4210-B536-E3DDC3D7ADDE}.Release|Any CPU.ActiveCfg = Release|Any CPU
		{C78FA4BC-0A86-4210-B536-E3DDC3D7ADDE}.Release|Any CPU.Build.0 = Release|Any CPU
		{24032A17-7D4D-4383-AA22-358C33BEE73C}.Debug|Any CPU.ActiveCfg = Debug|Any CPU
		{24032A17-7D4D-4383-AA22-358C33BEE73C}.Debug|Any CPU.Build.0 = Debug|Any CPU
		{24032A17-7D4D-4383-AA22-358C33BEE73C}.Release|Any CPU.ActiveCfg = Release|Any CPU
		{24032A17-7D4D-4383-AA22-358C33BEE73C}.Release|Any CPU.Build.0 = Release|Any CPU
		{1F658A72-88AC-4511-ABD6-B19444911162}.Debug|Any CPU.ActiveCfg = Debug|Any CPU
		{1F658A72-88AC-4511-ABD6-B19444911162}.Debug|Any CPU.Build.0 = Debug|Any CPU
		{1F658A72-88AC-4511-ABD6-B19444911162}.Release|Any CPU.ActiveCfg = Release|Any CPU
		{1F658A72-88AC-4511-ABD6-B19444911162}.Release|Any CPU.Build.0 = Release|Any CPU
		{179A7242-1548-4CD7-8E01-351C4DDABE07}.Debug|Any CPU.ActiveCfg = Debug|Any CPU
		{179A7242-1548-4CD7-8E01-351C4DDABE07}.Debug|Any CPU.Build.0 = Debug|Any CPU
		{179A7242-1548-4CD7-8E01-351C4DDABE07}.Release|Any CPU.ActiveCfg = Release|Any CPU
		{179A7242-1548-4CD7-8E01-351C4DDABE07}.Release|Any CPU.Build.0 = Release|Any CPU
		{86B34BA3-48DB-4097-9ECD-CB2927F3B911}.Debug|Any CPU.ActiveCfg = Debug|Any CPU
		{86B34BA3-48DB-4097-9ECD-CB2927F3B911}.Debug|Any CPU.Build.0 = Debug|Any CPU
		{86B34BA3-48DB-4097-9ECD-CB2927F3B911}.Release|Any CPU.ActiveCfg = Release|Any CPU
		{86B34BA3-48DB-4097-9ECD-CB2927F3B911}.Release|Any CPU.Build.0 = Release|Any CPU
		{63711CCE-4A7F-4FC0-9019-EF1F769A56EE}.Debug|Any CPU.ActiveCfg = Debug|Any CPU
		{63711CCE-4A7F-4FC0-9019-EF1F769A56EE}.Debug|Any CPU.Build.0 = Debug|Any CPU
		{63711CCE-4A7F-4FC0-9019-EF1F769A56EE}.Release|Any CPU.ActiveCfg = Release|Any CPU
		{63711CCE-4A7F-4FC0-9019-EF1F769A56EE}.Release|Any CPU.Build.0 = Release|Any CPU
		{73DFDA62-F657-4AC4-A20D-FF4014D65A5D}.Debug|Any CPU.ActiveCfg = Debug|Any CPU
		{73DFDA62-F657-4AC4-A20D-FF4014D65A5D}.Debug|Any CPU.Build.0 = Debug|Any CPU
		{73DFDA62-F657-4AC4-A20D-FF4014D65A5D}.Release|Any CPU.ActiveCfg = Release|Any CPU
		{73DFDA62-F657-4AC4-A20D-FF4014D65A5D}.Release|Any CPU.Build.0 = Release|Any CPU
		{DADE464A-6F0D-4CE5-9F55-107FB9CA6416}.Debug|Any CPU.ActiveCfg = Debug|Any CPU
		{DADE464A-6F0D-4CE5-9F55-107FB9CA6416}.Debug|Any CPU.Build.0 = Debug|Any CPU
		{DADE464A-6F0D-4CE5-9F55-107FB9CA6416}.Release|Any CPU.ActiveCfg = Release|Any CPU
		{DADE464A-6F0D-4CE5-9F55-107FB9CA6416}.Release|Any CPU.Build.0 = Release|Any CPU
		{DF24C3B3-D1EE-4A03-8BB0-0349C6DA7488}.Debug|Any CPU.ActiveCfg = Debug|Any CPU
		{DF24C3B3-D1EE-4A03-8BB0-0349C6DA7488}.Debug|Any CPU.Build.0 = Debug|Any CPU
		{DF24C3B3-D1EE-4A03-8BB0-0349C6DA7488}.Release|Any CPU.ActiveCfg = Release|Any CPU
		{DF24C3B3-D1EE-4A03-8BB0-0349C6DA7488}.Release|Any CPU.Build.0 = Release|Any CPU
	EndGlobalSection
	GlobalSection(SolutionProperties) = preSolution
		HideSolutionNode = FALSE
	EndGlobalSection
	GlobalSection(ExtensibilityGlobals) = postSolution
		SolutionGuid = {5A41E540-AA6D-4986-A908-C0488B7EEB11}
	EndGlobalSection
EndGlobal
